// !$*UTF8*$!
{
	archiveVersion = 1;
	classes = {
	};
	objectVersion = 46;
	objects = {

/* Begin PBXBuildFile section */
		4B88840719FCD43C003C0D32 /* Foundation.framework in Frameworks */ = {isa = PBXBuildFile; fileRef = 4B88840619FCD43C003C0D32 /* Foundation.framework */; };
		4B88840919FCD43C003C0D32 /* CoreGraphics.framework in Frameworks */ = {isa = PBXBuildFile; fileRef = 4B88840819FCD43C003C0D32 /* CoreGraphics.framework */; };
		4B88840B19FCD43C003C0D32 /* UIKit.framework in Frameworks */ = {isa = PBXBuildFile; fileRef = 4B88840A19FCD43C003C0D32 /* UIKit.framework */; };
		4B88841119FCD43C003C0D32 /* InfoPlist.strings in Resources */ = {isa = PBXBuildFile; fileRef = 4B88840F19FCD43C003C0D32 /* InfoPlist.strings */; };
		4B88841319FCD43C003C0D32 /* main.m in Sources */ = {isa = PBXBuildFile; fileRef = 4B88841219FCD43C003C0D32 /* main.m */; };
		4B88841719FCD43C003C0D32 /* AppDelegate.m in Sources */ = {isa = PBXBuildFile; fileRef = 4B88841619FCD43C003C0D32 /* AppDelegate.m */; };
		4B88841A19FCD43C003C0D32 /* Main.storyboard in Resources */ = {isa = PBXBuildFile; fileRef = 4B88841819FCD43C003C0D32 /* Main.storyboard */; };
		4B88841D19FCD43C003C0D32 /* ViewController.m in Sources */ = {isa = PBXBuildFile; fileRef = 4B88841C19FCD43C003C0D32 /* ViewController.m */; };
		4B88841F19FCD43C003C0D32 /* Images.xcassets in Resources */ = {isa = PBXBuildFile; fileRef = 4B88841E19FCD43C003C0D32 /* Images.xcassets */; };
		4B88842619FCD43C003C0D32 /* XCTest.framework in Frameworks */ = {isa = PBXBuildFile; fileRef = 4B88842519FCD43C003C0D32 /* XCTest.framework */; };
		4B88842719FCD43C003C0D32 /* Foundation.framework in Frameworks */ = {isa = PBXBuildFile; fileRef = 4B88840619FCD43C003C0D32 /* Foundation.framework */; };
		4B88842819FCD43C003C0D32 /* UIKit.framework in Frameworks */ = {isa = PBXBuildFile; fileRef = 4B88840A19FCD43C003C0D32 /* UIKit.framework */; };
		4B88843019FCD43C003C0D32 /* InfoPlist.strings in Resources */ = {isa = PBXBuildFile; fileRef = 4B88842E19FCD43C003C0D32 /* InfoPlist.strings */; };
		4B88843219FCD43C003C0D32 /* customKeyboardTests.m in Sources */ = {isa = PBXBuildFile; fileRef = 4B88843119FCD43C003C0D32 /* customKeyboardTests.m */; };
		4B88843C19FCD601003C0D32 /* View.xib in Resources */ = {isa = PBXBuildFile; fileRef = 4B88843B19FCD601003C0D32 /* View.xib */; };
		4B88843F19FCD668003C0D32 /* CustomNumKeyboard.m in Sources */ = {isa = PBXBuildFile; fileRef = 4B88843E19FCD668003C0D32 /* CustomNumKeyboard.m */; };
		4BF5D05B19FFBF4B00886EC4 /* IMG_3709.PNG in Resources */ = {isa = PBXBuildFile; fileRef = 4BF5D05A19FFBF4B00886EC4 /* IMG_3709.PNG */; };
		4BF5D05F19FFC08100886EC4 /* IMG_3710.PNG in Resources */ = {isa = PBXBuildFile; fileRef = 4BF5D05E19FFC08100886EC4 /* IMG_3710.PNG */; };
		4BF5D06119FFC14700886EC4 /* IMG_370.PNG in Resources */ = {isa = PBXBuildFile; fileRef = 4BF5D06019FFC14700886EC4 /* IMG_370.PNG */; };
		4BF5D06319FFC35500886EC4 /* IMG_3711.PNG in Resources */ = {isa = PBXBuildFile; fileRef = 4BF5D06219FFC35500886EC4 /* IMG_3711.PNG */; };
/* End PBXBuildFile section */

/* Begin PBXContainerItemProxy section */
		4B88842919FCD43C003C0D32 /* PBXContainerItemProxy */ = {
			isa = PBXContainerItemProxy;
			containerPortal = 4B8883FB19FCD43C003C0D32 /* Project object */;
			proxyType = 1;
			remoteGlobalIDString = 4B88840219FCD43C003C0D32;
			remoteInfo = customKeyboard;
		};
/* End PBXContainerItemProxy section */

/* Begin PBXFileReference section */
		4B88840319FCD43C003C0D32 /* customKeyboard.app */ = {isa = PBXFileReference; explicitFileType = wrapper.application; includeInIndex = 0; path = customKeyboard.app; sourceTree = BUILT_PRODUCTS_DIR; };
		4B88840619FCD43C003C0D32 /* Foundation.framework */ = {isa = PBXFileReference; lastKnownFileType = wrapper.framework; name = Foundation.framework; path = System/Library/Frameworks/Foundation.framework; sourceTree = SDKROOT; };
		4B88840819FCD43C003C0D32 /* CoreGraphics.framework */ = {isa = PBXFileReference; lastKnownFileType = wrapper.framework; name = CoreGraphics.framework; path = System/Library/Frameworks/CoreGraphics.framework; sourceTree = SDKROOT; };
		4B88840A19FCD43C003C0D32 /* UIKit.framework */ = {isa = PBXFileReference; lastKnownFileType = wrapper.framework; name = UIKit.framework; path = System/Library/Frameworks/UIKit.framework; sourceTree = SDKROOT; };
		4B88840E19FCD43C003C0D32 /* customKeyboard-Info.plist */ = {isa = PBXFileReference; lastKnownFileType = text.plist.xml; path = "customKeyboard-Info.plist"; sourceTree = "<group>"; };
		4B88841019FCD43C003C0D32 /* en */ = {isa = PBXFileReference; lastKnownFileType = text.plist.strings; name = en; path = en.lproj/InfoPlist.strings; sourceTree = "<group>"; };
		4B88841219FCD43C003C0D32 /* main.m */ = {isa = PBXFileReference; lastKnownFileType = sourcecode.c.objc; path = main.m; sourceTree = "<group>"; };
		4B88841419FCD43C003C0D32 /* customKeyboard-Prefix.pch */ = {isa = PBXFileReference; lastKnownFileType = sourcecode.c.h; path = "customKeyboard-Prefix.pch"; sourceTree = "<group>"; };
		4B88841519FCD43C003C0D32 /* AppDelegate.h */ = {isa = PBXFileReference; lastKnownFileType = sourcecode.c.h; path = AppDelegate.h; sourceTree = "<group>"; };
		4B88841619FCD43C003C0D32 /* AppDelegate.m */ = {isa = PBXFileReference; lastKnownFileType = sourcecode.c.objc; path = AppDelegate.m; sourceTree = "<group>"; };
		4B88841919FCD43C003C0D32 /* Base */ = {isa = PBXFileReference; lastKnownFileType = file.storyboard; name = Base; path = Base.lproj/Main.storyboard; sourceTree = "<group>"; };
		4B88841B19FCD43C003C0D32 /* ViewController.h */ = {isa = PBXFileReference; lastKnownFileType = sourcecode.c.h; path = ViewController.h; sourceTree = "<group>"; };
		4B88841C19FCD43C003C0D32 /* ViewController.m */ = {isa = PBXFileReference; lastKnownFileType = sourcecode.c.objc; path = ViewController.m; sourceTree = "<group>"; };
		4B88841E19FCD43C003C0D32 /* Images.xcassets */ = {isa = PBXFileReference; lastKnownFileType = folder.assetcatalog; path = Images.xcassets; sourceTree = "<group>"; };
		4B88842419FCD43C003C0D32 /* customKeyboardTests.xctest */ = {isa = PBXFileReference; explicitFileType = wrapper.cfbundle; includeInIndex = 0; path = customKeyboardTests.xctest; sourceTree = BUILT_PRODUCTS_DIR; };
		4B88842519FCD43C003C0D32 /* XCTest.framework */ = {isa = PBXFileReference; lastKnownFileType = wrapper.framework; name = XCTest.framework; path = Library/Frameworks/XCTest.framework; sourceTree = DEVELOPER_DIR; };
		4B88842D19FCD43C003C0D32 /* customKeyboardTests-Info.plist */ = {isa = PBXFileReference; lastKnownFileType = text.plist.xml; path = "customKeyboardTests-Info.plist"; sourceTree = "<group>"; };
		4B88842F19FCD43C003C0D32 /* en */ = {isa = PBXFileReference; lastKnownFileType = text.plist.strings; name = en; path = en.lproj/InfoPlist.strings; sourceTree = "<group>"; };
		4B88843119FCD43C003C0D32 /* customKeyboardTests.m */ = {isa = PBXFileReference; lastKnownFileType = sourcecode.c.objc; path = customKeyboardTests.m; sourceTree = "<group>"; };
		4B88843B19FCD601003C0D32 /* View.xib */ = {isa = PBXFileReference; fileEncoding = 4; lastKnownFileType = file.xib; path = View.xib; sourceTree = "<group>"; };
		4B88843D19FCD668003C0D32 /* d.h */ = {isa = PBXFileReference; fileEncoding = 4; lastKnownFileType = sourcecode.c.h; path = d.h; sourceTree = "<group>"; };
		4B88843E19FCD668003C0D32 /* CustomNumKeyboard.m */ = {isa = PBXFileReference; fileEncoding = 4; lastKnownFileType = sourcecode.c.objc; path = CustomNumKeyboard.m; sourceTree = "<group>"; };
		4BF5D05A19FFBF4B00886EC4 /* IMG_3709.PNG */ = {isa = PBXFileReference; lastKnownFileType = image.png; path = IMG_3709.PNG; sourceTree = "<group>"; };
		4BF5D05E19FFC08100886EC4 /* IMG_3710.PNG */ = {isa = PBXFileReference; lastKnownFileType = image.png; path = IMG_3710.PNG; sourceTree = "<group>"; };
		4BF5D06019FFC14700886EC4 /* IMG_370.PNG */ = {isa = PBXFileReference; lastKnownFileType = image.png; path = IMG_370.PNG; sourceTree = "<group>"; };
		4BF5D06219FFC35500886EC4 /* IMG_3711.PNG */ = {isa = PBXFileReference; lastKnownFileType = image.png; path = IMG_3711.PNG; sourceTree = "<group>"; };
/* End PBXFileReference section */

/* Begin PBXFrameworksBuildPhase section */
		4B88840019FCD43C003C0D32 /* Frameworks */ = {
			isa = PBXFrameworksBuildPhase;
			buildActionMask = 2147483647;
			files = (
				4B88840919FCD43C003C0D32 /* CoreGraphics.framework in Frameworks */,
				4B88840B19FCD43C003C0D32 /* UIKit.framework in Frameworks */,
				4B88840719FCD43C003C0D32 /* Foundation.framework in Frameworks */,
			);
			runOnlyForDeploymentPostprocessing = 0;
		};
		4B88842119FCD43C003C0D32 /* Frameworks */ = {
			isa = PBXFrameworksBuildPhase;
			buildActionMask = 2147483647;
			files = (
				4B88842619FCD43C003C0D32 /* XCTest.framework in Frameworks */,
				4B88842819FCD43C003C0D32 /* UIKit.framework in Frameworks */,
				4B88842719FCD43C003C0D32 /* Foundation.framework in Frameworks */,
			);
			runOnlyForDeploymentPostprocessing = 0;
		};
/* End PBXFrameworksBuildPhase section */

/* Begin PBXGroup section */
		4B8883FA19FCD43C003C0D32 = {
			isa = PBXGroup;
			children = (
				4B88843B19FCD601003C0D32 /* View.xib */,
				4B88843D19FCD668003C0D32 /* d.h */,
				4B88843E19FCD668003C0D32 /* CustomNumKeyboard.m */,
				4B88840C19FCD43C003C0D32 /* customKeyboard */,
				4B88842B19FCD43C003C0D32 /* customKeyboardTests */,
				4B88840519FCD43C003C0D32 /* Frameworks */,
				4B88840419FCD43C003C0D32 /* Products */,
			);
			sourceTree = "<group>";
		};
		4B88840419FCD43C003C0D32 /* Products */ = {
			isa = PBXGroup;
			children = (
				4B88840319FCD43C003C0D32 /* customKeyboard.app */,
				4B88842419FCD43C003C0D32 /* customKeyboardTests.xctest */,
			);
			name = Products;
			sourceTree = "<group>";
		};
		4B88840519FCD43C003C0D32 /* Frameworks */ = {
			isa = PBXGroup;
			children = (
				4B88840619FCD43C003C0D32 /* Foundation.framework */,
				4B88840819FCD43C003C0D32 /* CoreGraphics.framework */,
				4B88840A19FCD43C003C0D32 /* UIKit.framework */,
				4B88842519FCD43C003C0D32 /* XCTest.framework */,
			);
			name = Frameworks;
			sourceTree = "<group>";
		};
		4B88840C19FCD43C003C0D32 /* customKeyboard */ = {
			isa = PBXGroup;
			children = (
				4B88841519FCD43C003C0D32 /* AppDelegate.h */,
				4B88841619FCD43C003C0D32 /* AppDelegate.m */,
				4B88841819FCD43C003C0D32 /* Main.storyboard */,
				4B88841B19FCD43C003C0D32 /* ViewController.h */,
				4B88841C19FCD43C003C0D32 /* ViewController.m */,
				4B88841E19FCD43C003C0D32 /* Images.xcassets */,
				4BF5D05A19FFBF4B00886EC4 /* IMG_3709.PNG */,
				4BF5D05E19FFC08100886EC4 /* IMG_3710.PNG */,
				4BF5D06019FFC14700886EC4 /* IMG_370.PNG */,
				4BF5D06219FFC35500886EC4 /* IMG_3711.PNG */,
				4B88840D19FCD43C003C0D32 /* Supporting Files */,
			);
			path = customKeyboard;
			sourceTree = "<group>";
		};
		4B88840D19FCD43C003C0D32 /* Supporting Files */ = {
			isa = PBXGroup;
			children = (
				4B88840E19FCD43C003C0D32 /* customKeyboard-Info.plist */,
				4B88840F19FCD43C003C0D32 /* InfoPlist.strings */,
				4B88841219FCD43C003C0D32 /* main.m */,
				4B88841419FCD43C003C0D32 /* customKeyboard-Prefix.pch */,
			);
			name = "Supporting Files";
			sourceTree = "<group>";
		};
		4B88842B19FCD43C003C0D32 /* customKeyboardTests */ = {
			isa = PBXGroup;
			children = (
				4B88843119FCD43C003C0D32 /* customKeyboardTests.m */,
				4B88842C19FCD43C003C0D32 /* Supporting Files */,
			);
			path = customKeyboardTests;
			sourceTree = "<group>";
		};
		4B88842C19FCD43C003C0D32 /* Supporting Files */ = {
			isa = PBXGroup;
			children = (
				4B88842D19FCD43C003C0D32 /* customKeyboardTests-Info.plist */,
				4B88842E19FCD43C003C0D32 /* InfoPlist.strings */,
			);
			name = "Supporting Files";
			sourceTree = "<group>";
		};
/* End PBXGroup section */

/* Begin PBXNativeTarget section */
		4B88840219FCD43C003C0D32 /* customKeyboard */ = {
			isa = PBXNativeTarget;
			buildConfigurationList = 4B88843519FCD43C003C0D32 /* Build configuration list for PBXNativeTarget "customKeyboard" */;
			buildPhases = (
				4B8883FF19FCD43C003C0D32 /* Sources */,
				4B88840019FCD43C003C0D32 /* Frameworks */,
				4B88840119FCD43C003C0D32 /* Resources */,
			);
			buildRules = (
			);
			dependencies = (
			);
			name = customKeyboard;
			productName = customKeyboard;
			productReference = 4B88840319FCD43C003C0D32 /* customKeyboard.app */;
			productType = "com.apple.product-type.application";
		};
		4B88842319FCD43C003C0D32 /* customKeyboardTests */ = {
			isa = PBXNativeTarget;
			buildConfigurationList = 4B88843819FCD43C003C0D32 /* Build configuration list for PBXNativeTarget "customKeyboardTests" */;
			buildPhases = (
				4B88842019FCD43C003C0D32 /* Sources */,
				4B88842119FCD43C003C0D32 /* Frameworks */,
				4B88842219FCD43C003C0D32 /* Resources */,
			);
			buildRules = (
			);
			dependencies = (
				4B88842A19FCD43C003C0D32 /* PBXTargetDependency */,
			);
			name = customKeyboardTests;
			productName = customKeyboardTests;
			productReference = 4B88842419FCD43C003C0D32 /* customKeyboardTests.xctest */;
			productType = "com.apple.product-type.bundle.unit-test";
		};
/* End PBXNativeTarget section */

/* Begin PBXProject section */
		4B8883FB19FCD43C003C0D32 /* Project object */ = {
			isa = PBXProject;
			attributes = {
				LastUpgradeCheck = 0510;
				ORGANIZATIONNAME = mycompany;
				TargetAttributes = {
					4B88842319FCD43C003C0D32 = {
						TestTargetID = 4B88840219FCD43C003C0D32;
					};
				};
			};
			buildConfigurationList = 4B8883FE19FCD43C003C0D32 /* Build configuration list for PBXProject "customKeyboard" */;
			compatibilityVersion = "Xcode 3.2";
			developmentRegion = English;
			hasScannedForEncodings = 0;
			knownRegions = (
				en,
				Base,
			);
			mainGroup = 4B8883FA19FCD43C003C0D32;
			productRefGroup = 4B88840419FCD43C003C0D32 /* Products */;
			projectDirPath = "";
			projectRoot = "";
			targets = (
				4B88840219FCD43C003C0D32 /* customKeyboard */,
				4B88842319FCD43C003C0D32 /* customKeyboardTests */,
			);
		};
/* End PBXProject section */

/* Begin PBXResourcesBuildPhase section */
		4B88840119FCD43C003C0D32 /* Resources */ = {
			isa = PBXResourcesBuildPhase;
			buildActionMask = 2147483647;
			files = (
				4BF5D05F19FFC08100886EC4 /* IMG_3710.PNG in Resources */,
				4B88843C19FCD601003C0D32 /* View.xib in Resources */,
				4BF5D06119FFC14700886EC4 /* IMG_370.PNG in Resources */,
				4B88841F19FCD43C003C0D32 /* Images.xcassets in Resources */,
				4BF5D05B19FFBF4B00886EC4 /* IMG_3709.PNG in Resources */,
				4B88841119FCD43C003C0D32 /* InfoPlist.strings in Resources */,
				4B88841A19FCD43C003C0D32 /* Main.storyboard in Resources */,
				4BF5D06319FFC35500886EC4 /* IMG_3711.PNG in Resources */,
			);
			runOnlyForDeploymentPostprocessing = 0;
		};
		4B88842219FCD43C003C0D32 /* Resources */ = {
			isa = PBXResourcesBuildPhase;
			buildActionMask = 2147483647;
			files = (
				4B88843019FCD43C003C0D32 /* InfoPlist.strings in Resources */,
			);
			runOnlyForDeploymentPostprocessing = 0;
		};
/* End PBXResourcesBuildPhase section */

/* Begin PBXSourcesBuildPhase section */
		4B8883FF19FCD43C003C0D32 /* Sources */ = {
			isa = PBXSourcesBuildPhase;
			buildActionMask = 2147483647;
			files = (
				4B88841D19FCD43C003C0D32 /* ViewController.m in Sources */,
				4B88841719FCD43C003C0D32 /* AppDelegate.m in Sources */,
				4B88843F19FCD668003C0D32 /* CustomNumKeyboard.m in Sources */,
				4B88841319FCD43C003C0D32 /* main.m in Sources */,
			);
			runOnlyForDeploymentPostprocessing = 0;
		};
		4B88842019FCD43C003C0D32 /* Sources */ = {
			isa = PBXSourcesBuildPhase;
			buildActionMask = 2147483647;
			files = (
				4B88843219FCD43C003C0D32 /* customKeyboardTests.m in Sources */,
			);
			runOnlyForDeploymentPostprocessing = 0;
		};
/* End PBXSourcesBuildPhase section */

/* Begin PBXTargetDependency section */
		4B88842A19FCD43C003C0D32 /* PBXTargetDependency */ = {
			isa = PBXTargetDependency;
			target = 4B88840219FCD43C003C0D32 /* customKeyboard */;
			targetProxy = 4B88842919FCD43C003C0D32 /* PBXContainerItemProxy */;
		};
/* End PBXTargetDependency section */

/* Begin PBXVariantGroup section */
		4B88840F19FCD43C003C0D32 /* InfoPlist.strings */ = {
			isa = PBXVariantGroup;
			children = (
				4B88841019FCD43C003C0D32 /* en */,
			);
			name = InfoPlist.strings;
			sourceTree = "<group>";
		};
		4B88841819FCD43C003C0D32 /* Main.storyboard */ = {
			isa = PBXVariantGroup;
			children = (
				4B88841919FCD43C003C0D32 /* Base */,
			);
			name = Main.storyboard;
			sourceTree = "<group>";
		};
		4B88842E19FCD43C003C0D32 /* InfoPlist.strings */ = {
			isa = PBXVariantGroup;
			children = (
				4B88842F19FCD43C003C0D32 /* en */,
			);
			name = InfoPlist.strings;
			sourceTree = "<group>";
		};
/* End PBXVariantGroup section */

/* Begin XCBuildConfiguration section */
		4B88843319FCD43C003C0D32 /* Debug */ = {
			isa = XCBuildConfiguration;
			buildSettings = {
				ALWAYS_SEARCH_USER_PATHS = NO;
				CLANG_CXX_LANGUAGE_STANDARD = "gnu++0x";
				CLANG_CXX_LIBRARY = "libc++";
				CLANG_ENABLE_MODULES = YES;
				CLANG_ENABLE_OBJC_ARC = YES;
				CLANG_WARN_BOOL_CONVERSION = YES;
				CLANG_WARN_CONSTANT_CONVERSION = YES;
				CLANG_WARN_DIRECT_OBJC_ISA_USAGE = YES_ERROR;
				CLANG_WARN_EMPTY_BODY = YES;
				CLANG_WARN_ENUM_CONVERSION = YES;
				CLANG_WARN_INT_CONVERSION = YES;
				CLANG_WARN_OBJC_ROOT_CLASS = YES_ERROR;
				CLANG_WARN__DUPLICATE_METHOD_MATCH = YES;
				"CODE_SIGN_IDENTITY[sdk=iphoneos*]" = "iPhone Developer";
				COPY_PHASE_STRIP = NO;
				GCC_C_LANGUAGE_STANDARD = gnu99;
				GCC_DYNAMIC_NO_PIC = NO;
				GCC_OPTIMIZATION_LEVEL = 0;
				GCC_PREPROCESSOR_DEFINITIONS = (
					"DEBUG=1",
					"$(inherited)",
				);
				GCC_SYMBOLS_PRIVATE_EXTERN = NO;
				GCC_WARN_64_TO_32_BIT_CONVERSION = YES;
				GCC_WARN_ABOUT_RETURN_TYPE = YES_ERROR;
				GCC_WARN_UNDECLARED_SELECTOR = YES;
				GCC_WARN_UNINITIALIZED_AUTOS = YES_AGGRESSIVE;
				GCC_WARN_UNUSED_FUNCTION = YES;
				GCC_WARN_UNUSED_VARIABLE = YES;
				IPHONEOS_DEPLOYMENT_TARGET = 7.1;
				ONLY_ACTIVE_ARCH = YES;
				SDKROOT = iphoneos;
			};
			name = Debug;
		};
		4B88843419FCD43C003C0D32 /* Release */ = {
			isa = XCBuildConfiguration;
			buildSettings = {
				ALWAYS_SEARCH_USER_PATHS = NO;
				CLANG_CXX_LANGUAGE_STANDARD = "gnu++0x";
				CLANG_CXX_LIBRARY = "libc++";
				CLANG_ENABLE_MODULES = YES;
				CLANG_ENABLE_OBJC_ARC = YES;
				CLANG_WARN_BOOL_CONVERSION = YES;
				CLANG_WARN_CONSTANT_CONVERSION = YES;
				CLANG_WARN_DIRECT_OBJC_ISA_USAGE = YES_ERROR;
				CLANG_WARN_EMPTY_BODY = YES;
				CLANG_WARN_ENUM_CONVERSION = YES;
				CLANG_WARN_INT_CONVERSION = YES;
				CLANG_WARN_OBJC_ROOT_CLASS = YES_ERROR;
				CLANG_WARN__DUPLICATE_METHOD_MATCH = YES;
				"CODE_SIGN_IDENTITY[sdk=iphoneos*]" = "iPhone Developer";
				COPY_PHASE_STRIP = YES;
				ENABLE_NS_ASSERTIONS = NO;
				GCC_C_LANGUAGE_STANDARD = gnu99;
				GCC_WARN_64_TO_32_BIT_CONVERSION = YES;
				GCC_WARN_ABOUT_RETURN_TYPE = YES_ERROR;
				GCC_WARN_UNDECLARED_SELECTOR = YES;
				GCC_WARN_UNINITIALIZED_AUTOS = YES_AGGRESSIVE;
				GCC_WARN_UNUSED_FUNCTION = YES;
				GCC_WARN_UNUSED_VARIABLE = YES;
				IPHONEOS_DEPLOYMENT_TARGET = 7.1;
				SDKROOT = iphoneos;
				VALIDATE_PRODUCT = YES;
			};
			name = Release;
		};
		4B88843619FCD43C003C0D32 /* Debug */ = {
			isa = XCBuildConfiguration;
			buildSettings = {
				ASSETCATALOG_COMPILER_APPICON_NAME = AppIcon;
				ASSETCATALOG_COMPILER_LAUNCHIMAGE_NAME = LaunchImage;
				GCC_PRECOMPILE_PREFIX_HEADER = YES;
				GCC_PREFIX_HEADER = "customKeyboard/customKeyboard-Prefix.pch";
				INFOPLIST_FILE = "customKeyboard/customKeyboard-Info.plist";
				IPHONEOS_DEPLOYMENT_TARGET = 8.0;
				PRODUCT_NAME = "$(TARGET_NAME)";
				TARGETED_DEVICE_FAMILY = 1;
				WRAPPER_EXTENSION = app;
			};
			name = Debug;
		};
		4B88843719FCD43C003C0D32 /* Release */ = {
			isa = XCBuildConfiguration;
			buildSettings = {
				ASSETCATALOG_COMPILER_APPICON_NAME = AppIcon;
				ASSETCATALOG_COMPILER_LAUNCHIMAGE_NAME = LaunchImage;
				GCC_PRECOMPILE_PREFIX_HEADER = YES;
				GCC_PREFIX_HEADER = "customKeyboard/customKeyboard-Prefix.pch";
				INFOPLIST_FILE = "customKeyboard/customKeyboard-Info.plist";
				IPHONEOS_DEPLOYMENT_TARGET = 8.0;
				PRODUCT_NAME = "$(TARGET_NAME)";
				TARGETED_DEVICE_FAMILY = 1;
				WRAPPER_EXTENSION = app;
			};
			name = Release;
		};
		4B88843919FCD43C003C0D32 /* Debug */ = {
			isa = XCBuildConfiguration;
			buildSettings = {
				BUNDLE_LOADER = "$(BUILT_PRODUCTS_DIR)/customKeyboard.app/customKeyboard";
				FRAMEWORK_SEARCH_PATHS = (
					"$(SDKROOT)/Developer/Library/Frameworks",
					"$(inherited)",
					"$(DEVELOPER_FRAMEWORKS_DIR)",
				);
				GCC_PRECOMPILE_PREFIX_HEADER = YES;
				GCC_PREFIX_HEADER = "customKeyboard/customKeyboard-Prefix.pch";
				GCC_PREPROCESSOR_DEFINITIONS = (
					"DEBUG=1",
					"$(inherited)",
				);
				INFOPLIST_FILE = "customKeyboardTests/customKeyboardTests-Info.plist";
				PRODUCT_NAME = "$(TARGET_NAME)";
				TEST_HOST = "$(BUNDLE_LOADER)";
				WRAPPER_EXTENSION = xctest;
			};
			name = Debug;
		};
		4B88843A19FCD43C003C0D32 /* Release */ = {
			isa = XCBuildConfiguration;
			buildSettings = {
				BUNDLE_LOADER = "$(BUILT_PRODUCTS_DIR)/customKeyboard.app/customKeyboard";
				FRAMEWORK_SEARCH_PATHS = (
					"$(SDKROOT)/Developer/Library/Frameworks",
					"$(inherited)",
					"$(DEVELOPER_FRAMEWORKS_DIR)",
				);
				GCC_PRECOMPILE_PREFIX_HEADER = YES;
				GCC_PREFIX_HEADER = "customKeyboard/customKeyboard-Prefix.pch";
				INFOPLIST_FILE = "customKeyboardTests/customKeyboardTests-Info.plist";
				PRODUCT_NAME = "$(TARGET_NAME)";
				TEST_HOST = "$(BUNDLE_LOADER)";
				WRAPPER_EXTENSION = xctest;
			};
			name = Release;
		};
/* End XCBuildConfiguration section */

/* Begin XCConfigurationList section */
		4B8883FE19FCD43C003C0D32 /* Build configuration list for PBXProject "customKeyboard" */ = {
			isa = XCConfigurationList;
			buildConfigurations = (
				4B88843319FCD43C003C0D32 /* Debug */,
				4B88843419FCD43C003C0D32 /* Release */,
			);
			defaultConfigurationIsVisible = 0;
			defaultConfigurationName = Release;
		};
		4B88843519FCD43C003C0D32 /* Build configuration list for PBXNativeTarget "customKeyboard" */ = {
			isa = XCConfigurationList;
			buildConfigurations = (
				4B88843619FCD43C003C0D32 /* Debug */,
				4B88843719FCD43C003C0D32 /* Release */,
			);
			defaultConfigurationIsVisible = 0;
			defaultConfigurationName = Release;
		};
		4B88843819FCD43C003C0D32 /* Build configuration list for PBXNativeTarget "customKeyboardTests" */ = {
			isa = XCConfigurationList;
			buildConfigurations = (
				4B88843919FCD43C003C0D32 /* Debug */,
				4B88843A19FCD43C003C0D32 /* Release */,
			);
			defaultConfigurationIsVisible = 0;
			defaultConfigurationName = Release;
		};
/* End XCConfigurationList section */
	};
	rootObject = 4B8883FB19FCD43C003C0D32 /* Project object */;
}
